hash: 5bca0a378ac3b94c8969ed6c8ee6a570b1604f1113dc52467d00bfd6be6cac27
updated: 2017-07-10T14:21:07.072927141+02:00
imports:
- name: github.com/hashicorp/hcl
  version: 392dba7d905ed5d04a5794ba89f558b27e2ba1ca
- name: github.com/pkg/errors
  version: 645ef00459ed84a119197bfb8d8205042c6df63d
- name: github.com/stretchr/testify
  version: 69483b4bd14f5845b5a1e55bca19e954e827f1d0
testImports: []
